{
  "version": 4,
  "terraform_version": "1.10.4",
  "serial": 28,
  "lineage": "0f16a75c-0a9e-0145-9990-833dea8ac452",
  "outputs": {},
  "resources": [
    {
      "mode": "data",
      "type": "google_project",
      "name": "project",
      "provider": "provider[\"registry.terraform.io/hashicorp/google\"]",
      "instances": [
        {
          "schema_version": 0,
          "attributes": {
            "auto_create_network": null,
            "billing_account": "01A82A-771450-FA116D",
            "deletion_policy": "PREVENT",
            "effective_labels": {},
            "folder_id": null,
            "id": "projects/feisty-lamp-442712-m8",
            "labels": {},
            "name": "My Maps Project",
            "number": "1072084734258",
            "org_id": null,
            "project_id": "feisty-lamp-442712-m8",
            "tags": null,
            "terraform_labels": {}
          },
          "sensitive_attributes": []
        }
      ]
    },
    {
      "module": "module.api",
      "mode": "data",
      "type": "google_project",
      "name": "project",
      "provider": "provider[\"registry.terraform.io/hashicorp/google\"]",
      "instances": [
        {
          "schema_version": 0,
          "attributes": {
            "auto_create_network": null,
            "billing_account": "01A82A-771450-FA116D",
            "deletion_policy": "PREVENT",
            "effective_labels": {},
            "folder_id": null,
            "id": "projects/feisty-lamp-442712-m8",
            "labels": {},
            "name": "My Maps Project",
            "number": "1072084734258",
            "org_id": null,
            "project_id": "feisty-lamp-442712-m8",
            "tags": null,
            "terraform_labels": {}
          },
          "sensitive_attributes": []
        }
      ]
    },
    {
      "module": "module.api",
      "mode": "managed",
      "type": "google_artifact_registry_repository",
      "name": "api_repo",
      "provider": "provider[\"registry.terraform.io/hashicorp/google\"]",
      "instances": [
        {
          "schema_version": 0,
          "attributes": {
            "cleanup_policies": [],
            "cleanup_policy_dry_run": false,
            "create_time": "2025-05-10T11:57:56.211788Z",
            "description": "",
            "docker_config": [],
            "effective_labels": {
              "goog-terraform-provisioned": "true"
            },
            "format": "DOCKER",
            "id": "projects/feisty-lamp-442712-m8/locations/europe-west1/repositories/nba-api-repo",
            "kms_key_name": "",
            "labels": {},
            "location": "europe-west1",
            "maven_config": [],
            "mode": "STANDARD_REPOSITORY",
            "name": "nba-api-repo",
            "project": "feisty-lamp-442712-m8",
            "remote_repository_config": [],
            "repository_id": "nba-api-repo",
            "terraform_labels": {
              "goog-terraform-provisioned": "true"
            },
            "timeouts": null,
            "update_time": "2025-05-10T12:02:38.958488Z",
            "virtual_repository_config": [],
            "vulnerability_scanning_config": [
              {
                "enablement_config": "",
                "enablement_state": "SCANNING_DISABLED",
                "enablement_state_reason": "API containerscanning.googleapis.com is not enabled."
              }
            ]
          },
          "sensitive_attributes": [],
          "private": "eyJlMmJmYjczMC1lY2FhLTExZTYtOGY4OC0zNDM2M2JjN2M0YzAiOnsiY3JlYXRlIjoxMjAwMDAwMDAwMDAwLCJkZWxldGUiOjEyMDAwMDAwMDAwMDAsInVwZGF0ZSI6MTIwMDAwMDAwMDAwMH19"
        }
      ]
    },
    {
      "module": "module.api",
      "mode": "managed",
      "type": "google_cloud_run_v2_service",
      "name": "cloudrun-api",
      "provider": "provider[\"registry.terraform.io/hashicorp/google\"]",
      "instances": [
        {
          "status": "tainted",
          "schema_version": 0,
          "attributes": {
            "annotations": null,
            "binary_authorization": [],
            "build_config": [],
            "client": null,
            "client_version": null,
            "conditions": null,
            "create_time": null,
            "creator": null,
            "custom_audiences": null,
            "delete_time": null,
            "deletion_protection": false,
            "description": null,
            "effective_annotations": null,
            "effective_labels": {
              "goog-terraform-provisioned": "true"
            },
            "etag": null,
            "expire_time": null,
            "generation": null,
            "id": "projects/feisty-lamp-442712-m8/locations/europe-west1/services/cloudrun-nba-api",
            "ingress": "INGRESS_TRAFFIC_ALL",
            "invoker_iam_disabled": null,
            "labels": null,
            "last_modifier": null,
            "latest_created_revision": null,
            "latest_ready_revision": null,
            "launch_stage": null,
            "location": "europe-west1",
            "name": "cloudrun-nba-api",
            "observed_generation": null,
            "project": "feisty-lamp-442712-m8",
            "reconciling": null,
            "scaling": [],
            "template": [
              {
                "annotations": null,
                "containers": [
                  {
                    "args": null,
                    "command": null,
                    "depends_on": null,
                    "env": [
                      {
                        "name": "API_KEY",
                        "value": "57061bc7deddac4703cda2aff19be612",
                        "value_source": []
                      },
                      {
                        "name": "PROJECT_ID",
                        "value": "feisty-lamp-442712-m8",
                        "value_source": []
                      },
                      {
                        "name": "TOPIC_games",
                        "value": "nba_games",
                        "value_source": []
                      },
                      {
                        "name": "TOPIC_games_week",
                        "value": "nba_games_week",
                        "value_source": []
                      },
                      {
                        "name": "TOPIC_odds",
                        "value": "odds_week",
                        "value_source": []
                      },
                      {
                        "name": "TOPIC_stats",
                        "value": "team_stats",
                        "value_source": []
                      },
                      {
                        "name": "TOPIC_teams",
                        "value": "nba_teams",
                        "value_source": []
                      }
                    ],
                    "image": "europe-west1-docker.pkg.dev/feisty-lamp-442712-m8/nba-api-repo/nba_api:latest",
                    "liveness_probe": [],
                    "name": "",
                    "ports": [
                      {
                        "container_port": 8080,
                        "name": ""
                      }
                    ],
                    "resources": [],
                    "startup_probe": [],
                    "volume_mounts": [],
                    "working_dir": ""
                  }
                ],
                "encryption_key": "",
                "execution_environment": "",
                "labels": null,
                "max_instance_request_concurrency": 0,
                "revision": "",
                "scaling": [],
                "service_account": "",
                "session_affinity": false,
                "timeout": "",
                "volumes": [],
                "vpc_access": []
              }
            ],
            "terminal_condition": null,
            "terraform_labels": {
              "goog-terraform-provisioned": "true"
            },
            "timeouts": null,
            "traffic": null,
            "traffic_statuses": null,
            "uid": null,
            "update_time": null,
            "uri": null,
            "urls": null
          },
          "sensitive_attributes": [],
          "private": "eyJlMmJmYjczMC1lY2FhLTExZTYtOGY4OC0zNDM2M2JjN2M0YzAiOnsiY3JlYXRlIjoxMjAwMDAwMDAwMDAwLCJkZWxldGUiOjEyMDAwMDAwMDAwMDAsInVwZGF0ZSI6MTIwMDAwMDAwMDAwMH19",
          "dependencies": [
            "module.api.google_artifact_registry_repository.api_repo",
            "module.api.null_resource.docker_build_push_api"
          ]
        }
      ]
    },
    {
      "module": "module.api",
      "mode": "managed",
      "type": "google_pubsub_subscription",
      "name": "pubsub_subs",
      "provider": "provider[\"registry.terraform.io/hashicorp/google\"]",
      "instances": [
        {
          "index_key": "games",
          "schema_version": 0,
          "attributes": {
            "ack_deadline_seconds": 10,
            "bigquery_config": [],
            "cloud_storage_config": [],
            "dead_letter_policy": [],
            "effective_labels": {
              "goog-terraform-provisioned": "true"
            },
            "enable_exactly_once_delivery": false,
            "enable_message_ordering": false,
            "expiration_policy": [
              {
                "ttl": "2678400s"
              }
            ],
            "filter": "",
            "id": "projects/feisty-lamp-442712-m8/subscriptions/nba_games-sub",
            "labels": {},
            "message_retention_duration": "604800s",
            "name": "nba_games-sub",
            "project": "feisty-lamp-442712-m8",
            "push_config": [],
            "retain_acked_messages": false,
            "retry_policy": [],
            "terraform_labels": {
              "goog-terraform-provisioned": "true"
            },
            "timeouts": null,
            "topic": "projects/feisty-lamp-442712-m8/topics/nba_games"
          },
          "sensitive_attributes": [],
          "private": "eyJlMmJmYjczMC1lY2FhLTExZTYtOGY4OC0zNDM2M2JjN2M0YzAiOnsiY3JlYXRlIjoxMjAwMDAwMDAwMDAwLCJkZWxldGUiOjEyMDAwMDAwMDAwMDAsInVwZGF0ZSI6MTIwMDAwMDAwMDAwMH19",
          "dependencies": [
            "module.api.google_pubsub_topic.pubsub_topics"
          ]
        },
        {
          "index_key": "games_week",
          "schema_version": 0,
          "attributes": {
            "ack_deadline_seconds": 10,
            "bigquery_config": [],
            "cloud_storage_config": [],
            "dead_letter_policy": [],
            "effective_labels": {
              "goog-terraform-provisioned": "true"
            },
            "enable_exactly_once_delivery": false,
            "enable_message_ordering": false,
            "expiration_policy": [
              {
                "ttl": "2678400s"
              }
            ],
            "filter": "",
            "id": "projects/feisty-lamp-442712-m8/subscriptions/nba_games_week-sub",
            "labels": {},
            "message_retention_duration": "604800s",
            "name": "nba_games_week-sub",
            "project": "feisty-lamp-442712-m8",
            "push_config": [],
            "retain_acked_messages": false,
            "retry_policy": [],
            "terraform_labels": {
              "goog-terraform-provisioned": "true"
            },
            "timeouts": null,
            "topic": "projects/feisty-lamp-442712-m8/topics/nba_games_week"
          },
          "sensitive_attributes": [],
          "private": "eyJlMmJmYjczMC1lY2FhLTExZTYtOGY4OC0zNDM2M2JjN2M0YzAiOnsiY3JlYXRlIjoxMjAwMDAwMDAwMDAwLCJkZWxldGUiOjEyMDAwMDAwMDAwMDAsInVwZGF0ZSI6MTIwMDAwMDAwMDAwMH19",
          "dependencies": [
            "module.api.google_pubsub_topic.pubsub_topics"
          ]
        },
        {
          "index_key": "odds",
          "schema_version": 0,
          "attributes": {
            "ack_deadline_seconds": 10,
            "bigquery_config": [],
            "cloud_storage_config": [],
            "dead_letter_policy": [],
            "effective_labels": {
              "goog-terraform-provisioned": "true"
            },
            "enable_exactly_once_delivery": false,
            "enable_message_ordering": false,
            "expiration_policy": [
              {
                "ttl": "2678400s"
              }
            ],
            "filter": "",
            "id": "projects/feisty-lamp-442712-m8/subscriptions/odds_week-sub",
            "labels": {},
            "message_retention_duration": "604800s",
            "name": "odds_week-sub",
            "project": "feisty-lamp-442712-m8",
            "push_config": [],
            "retain_acked_messages": false,
            "retry_policy": [],
            "terraform_labels": {
              "goog-terraform-provisioned": "true"
            },
            "timeouts": null,
            "topic": "projects/feisty-lamp-442712-m8/topics/odds_week"
          },
          "sensitive_attributes": [],
          "private": "eyJlMmJmYjczMC1lY2FhLTExZTYtOGY4OC0zNDM2M2JjN2M0YzAiOnsiY3JlYXRlIjoxMjAwMDAwMDAwMDAwLCJkZWxldGUiOjEyMDAwMDAwMDAwMDAsInVwZGF0ZSI6MTIwMDAwMDAwMDAwMH19",
          "dependencies": [
            "module.api.google_pubsub_topic.pubsub_topics"
          ]
        },
        {
          "index_key": "stats",
          "schema_version": 0,
          "attributes": {
            "ack_deadline_seconds": 10,
            "bigquery_config": [],
            "cloud_storage_config": [],
            "dead_letter_policy": [],
            "effective_labels": {
              "goog-terraform-provisioned": "true"
            },
            "enable_exactly_once_delivery": false,
            "enable_message_ordering": false,
            "expiration_policy": [
              {
                "ttl": "2678400s"
              }
            ],
            "filter": "",
            "id": "projects/feisty-lamp-442712-m8/subscriptions/team_stats-sub",
            "labels": {},
            "message_retention_duration": "604800s",
            "name": "team_stats-sub",
            "project": "feisty-lamp-442712-m8",
            "push_config": [],
            "retain_acked_messages": false,
            "retry_policy": [],
            "terraform_labels": {
              "goog-terraform-provisioned": "true"
            },
            "timeouts": null,
            "topic": "projects/feisty-lamp-442712-m8/topics/team_stats"
          },
          "sensitive_attributes": [],
          "private": "eyJlMmJmYjczMC1lY2FhLTExZTYtOGY4OC0zNDM2M2JjN2M0YzAiOnsiY3JlYXRlIjoxMjAwMDAwMDAwMDAwLCJkZWxldGUiOjEyMDAwMDAwMDAwMDAsInVwZGF0ZSI6MTIwMDAwMDAwMDAwMH19",
          "dependencies": [
            "module.api.google_pubsub_topic.pubsub_topics"
          ]
        },
        {
          "index_key": "teams",
          "schema_version": 0,
          "attributes": {
            "ack_deadline_seconds": 10,
            "bigquery_config": [],
            "cloud_storage_config": [],
            "dead_letter_policy": [],
            "effective_labels": {
              "goog-terraform-provisioned": "true"
            },
            "enable_exactly_once_delivery": false,
            "enable_message_ordering": false,
            "expiration_policy": [
              {
                "ttl": "2678400s"
              }
            ],
            "filter": "",
            "id": "projects/feisty-lamp-442712-m8/subscriptions/nba_teams-sub",
            "labels": {},
            "message_retention_duration": "604800s",
            "name": "nba_teams-sub",
            "project": "feisty-lamp-442712-m8",
            "push_config": [],
            "retain_acked_messages": false,
            "retry_policy": [],
            "terraform_labels": {
              "goog-terraform-provisioned": "true"
            },
            "timeouts": null,
            "topic": "projects/feisty-lamp-442712-m8/topics/nba_teams"
          },
          "sensitive_attributes": [],
          "private": "eyJlMmJmYjczMC1lY2FhLTExZTYtOGY4OC0zNDM2M2JjN2M0YzAiOnsiY3JlYXRlIjoxMjAwMDAwMDAwMDAwLCJkZWxldGUiOjEyMDAwMDAwMDAwMDAsInVwZGF0ZSI6MTIwMDAwMDAwMDAwMH19",
          "dependencies": [
            "module.api.google_pubsub_topic.pubsub_topics"
          ]
        }
      ]
    },
    {
      "module": "module.api",
      "mode": "managed",
      "type": "google_pubsub_topic",
      "name": "pubsub_topics",
      "provider": "provider[\"registry.terraform.io/hashicorp/google\"]",
      "instances": [
        {
          "index_key": "games",
          "schema_version": 0,
          "attributes": {
            "effective_labels": {
              "goog-terraform-provisioned": "true"
            },
            "id": "projects/feisty-lamp-442712-m8/topics/nba_games",
            "ingestion_data_source_settings": [],
            "kms_key_name": "",
            "labels": {},
            "message_retention_duration": "",
            "message_storage_policy": [],
            "name": "nba_games",
            "project": "feisty-lamp-442712-m8",
            "schema_settings": [],
            "terraform_labels": {
              "goog-terraform-provisioned": "true"
            },
            "timeouts": null
          },
          "sensitive_attributes": [],
          "private": "eyJlMmJmYjczMC1lY2FhLTExZTYtOGY4OC0zNDM2M2JjN2M0YzAiOnsiY3JlYXRlIjoxMjAwMDAwMDAwMDAwLCJkZWxldGUiOjEyMDAwMDAwMDAwMDAsInVwZGF0ZSI6MTIwMDAwMDAwMDAwMH19"
        },
        {
          "index_key": "games_week",
          "schema_version": 0,
          "attributes": {
            "effective_labels": {
              "goog-terraform-provisioned": "true"
            },
            "id": "projects/feisty-lamp-442712-m8/topics/nba_games_week",
            "ingestion_data_source_settings": [],
            "kms_key_name": "",
            "labels": {},
            "message_retention_duration": "",
            "message_storage_policy": [],
            "name": "nba_games_week",
            "project": "feisty-lamp-442712-m8",
            "schema_settings": [],
            "terraform_labels": {
              "goog-terraform-provisioned": "true"
            },
            "timeouts": null
          },
          "sensitive_attributes": [],
          "private": "eyJlMmJmYjczMC1lY2FhLTExZTYtOGY4OC0zNDM2M2JjN2M0YzAiOnsiY3JlYXRlIjoxMjAwMDAwMDAwMDAwLCJkZWxldGUiOjEyMDAwMDAwMDAwMDAsInVwZGF0ZSI6MTIwMDAwMDAwMDAwMH19"
        },
        {
          "index_key": "odds",
          "schema_version": 0,
          "attributes": {
            "effective_labels": {
              "goog-terraform-provisioned": "true"
            },
            "id": "projects/feisty-lamp-442712-m8/topics/odds_week",
            "ingestion_data_source_settings": [],
            "kms_key_name": "",
            "labels": {},
            "message_retention_duration": "",
            "message_storage_policy": [],
            "name": "odds_week",
            "project": "feisty-lamp-442712-m8",
            "schema_settings": [],
            "terraform_labels": {
              "goog-terraform-provisioned": "true"
            },
            "timeouts": null
          },
          "sensitive_attributes": [],
          "private": "eyJlMmJmYjczMC1lY2FhLTExZTYtOGY4OC0zNDM2M2JjN2M0YzAiOnsiY3JlYXRlIjoxMjAwMDAwMDAwMDAwLCJkZWxldGUiOjEyMDAwMDAwMDAwMDAsInVwZGF0ZSI6MTIwMDAwMDAwMDAwMH19"
        },
        {
          "index_key": "stats",
          "schema_version": 0,
          "attributes": {
            "effective_labels": {
              "goog-terraform-provisioned": "true"
            },
            "id": "projects/feisty-lamp-442712-m8/topics/team_stats",
            "ingestion_data_source_settings": [],
            "kms_key_name": "",
            "labels": {},
            "message_retention_duration": "",
            "message_storage_policy": [],
            "name": "team_stats",
            "project": "feisty-lamp-442712-m8",
            "schema_settings": [],
            "terraform_labels": {
              "goog-terraform-provisioned": "true"
            },
            "timeouts": null
          },
          "sensitive_attributes": [],
          "private": "eyJlMmJmYjczMC1lY2FhLTExZTYtOGY4OC0zNDM2M2JjN2M0YzAiOnsiY3JlYXRlIjoxMjAwMDAwMDAwMDAwLCJkZWxldGUiOjEyMDAwMDAwMDAwMDAsInVwZGF0ZSI6MTIwMDAwMDAwMDAwMH19"
        },
        {
          "index_key": "teams",
          "schema_version": 0,
          "attributes": {
            "effective_labels": {
              "goog-terraform-provisioned": "true"
            },
            "id": "projects/feisty-lamp-442712-m8/topics/nba_teams",
            "ingestion_data_source_settings": [],
            "kms_key_name": "",
            "labels": {},
            "message_retention_duration": "",
            "message_storage_policy": [],
            "name": "nba_teams",
            "project": "feisty-lamp-442712-m8",
            "schema_settings": [],
            "terraform_labels": {
              "goog-terraform-provisioned": "true"
            },
            "timeouts": null
          },
          "sensitive_attributes": [],
          "private": "eyJlMmJmYjczMC1lY2FhLTExZTYtOGY4OC0zNDM2M2JjN2M0YzAiOnsiY3JlYXRlIjoxMjAwMDAwMDAwMDAwLCJkZWxldGUiOjEyMDAwMDAwMDAwMDAsInVwZGF0ZSI6MTIwMDAwMDAwMDAwMH19"
        }
      ]
    },
    {
      "module": "module.api",
      "mode": "managed",
      "type": "null_resource",
      "name": "docker_build_push_api",
      "provider": "provider[\"registry.terraform.io/hashicorp/null\"]",
      "instances": [
        {
          "schema_version": 0,
          "attributes": {
            "id": "913888462608235072",
            "triggers": {
              "always_run": "2025-05-10T12:04:49Z"
            }
          },
          "sensitive_attributes": [],
          "dependencies": [
            "module.api.google_artifact_registry_repository.api_repo"
          ]
        }
      ]
    },
    {
      "module": "module.bigquery",
      "mode": "managed",
      "type": "google_bigquery_dataset",
      "name": "nba",
      "provider": "provider[\"registry.terraform.io/hashicorp/google\"]",
      "instances": [
        {
          "schema_version": 0,
          "attributes": {
            "access": [
              {
                "condition": [],
                "dataset": [],
                "domain": "",
                "group_by_email": "",
                "iam_member": "",
                "role": "OWNER",
                "routine": [],
                "special_group": "",
                "user_by_email": "cromerog13@gmail.com",
                "view": []
              },
              {
                "condition": [],
                "dataset": [],
                "domain": "",
                "group_by_email": "",
                "iam_member": "",
                "role": "OWNER",
                "routine": [],
                "special_group": "projectOwners",
                "user_by_email": "",
                "view": []
              },
              {
                "condition": [],
                "dataset": [],
                "domain": "",
                "group_by_email": "",
                "iam_member": "",
                "role": "READER",
                "routine": [],
                "special_group": "projectReaders",
                "user_by_email": "",
                "view": []
              },
              {
                "condition": [],
                "dataset": [],
                "domain": "",
                "group_by_email": "",
                "iam_member": "",
                "role": "WRITER",
                "routine": [],
                "special_group": "projectWriters",
                "user_by_email": "",
                "view": []
              }
            ],
            "creation_time": 1746878048120,
            "dataset_id": "nba_dataset",
            "default_collation": "",
            "default_encryption_configuration": [],
            "default_partition_expiration_ms": 0,
            "default_table_expiration_ms": 0,
            "delete_contents_on_destroy": false,
            "description": "",
            "effective_labels": {
              "goog-terraform-provisioned": "true"
            },
            "etag": "jkAT7PguN52k8WXOxpo+1w==",
            "external_dataset_reference": [],
            "friendly_name": "",
            "id": "projects/feisty-lamp-442712-m8/datasets/nba_dataset",
            "is_case_insensitive": false,
            "labels": {},
            "last_modified_time": 1746878048120,
            "location": "europe-west1",
            "max_time_travel_hours": "168",
            "project": "feisty-lamp-442712-m8",
            "resource_tags": {},
            "self_link": "https://bigquery.googleapis.com/bigquery/v2/projects/feisty-lamp-442712-m8/datasets/nba_dataset",
            "storage_billing_model": "",
            "terraform_labels": {
              "goog-terraform-provisioned": "true"
            },
            "timeouts": null
          },
          "sensitive_attributes": [],
          "private": "eyJlMmJmYjczMC1lY2FhLTExZTYtOGY4OC0zNDM2M2JjN2M0YzAiOnsiY3JlYXRlIjoxMjAwMDAwMDAwMDAwLCJkZWxldGUiOjEyMDAwMDAwMDAwMDAsInVwZGF0ZSI6MTIwMDAwMDAwMDAwMH19"
        }
      ]
    },
    {
      "module": "module.bigquery",
      "mode": "managed",
      "type": "google_bigquery_table",
      "name": "nba_games",
      "provider": "provider[\"registry.terraform.io/hashicorp/google\"]",
      "instances": [
        {
          "schema_version": 0,
          "attributes": {
            "biglake_configuration": [],
            "clustering": null,
            "creation_time": 1746878049962,
            "dataset_id": "nba_dataset",
            "deletion_protection": false,
            "description": "",
            "effective_labels": {
              "goog-terraform-provisioned": "true"
            },
            "encryption_configuration": [],
            "etag": "GJJEK0qZk+uymX8W5evrig==",
            "expiration_time": 0,
            "external_data_configuration": [],
            "friendly_name": "",
            "id": "projects/feisty-lamp-442712-m8/datasets/nba_dataset/tables/nba_games",
            "labels": {},
            "last_modified_time": 1746878050035,
            "location": "europe-west1",
            "materialized_view": [],
            "max_staleness": "",
            "num_bytes": 0,
            "num_long_term_bytes": 0,
            "num_rows": 0,
            "project": "feisty-lamp-442712-m8",
            "range_partitioning": [],
            "require_partition_filter": false,
            "resource_tags": {},
            "schema": "[{\"mode\":\"REQUIRED\",\"name\":\"season_id\",\"type\":\"STRING\"},{\"mode\":\"REQUIRED\",\"name\":\"season\",\"type\":\"STRING\"},{\"mode\":\"REQUIRED\",\"name\":\"team_id\",\"type\":\"INTEGER\"},{\"mode\":\"REQUIRED\",\"name\":\"team_abbr\",\"type\":\"STRING\"},{\"mode\":\"REQUIRED\",\"name\":\"team_name\",\"type\":\"STRING\"},{\"mode\":\"REQUIRED\",\"name\":\"game_id\",\"type\":\"STRING\"},{\"mode\":\"REQUIRED\",\"name\":\"game_date\",\"type\":\"DATE\"},{\"mode\":\"REQUIRED\",\"name\":\"matchup\",\"type\":\"STRING\"},{\"mode\":\"REQUIRED\",\"name\":\"win_loss\",\"type\":\"STRING\"},{\"mode\":\"NULLABLE\",\"name\":\"points\",\"type\":\"INTEGER\"},{\"mode\":\"NULLABLE\",\"name\":\"fg_pct\",\"type\":\"FLOAT\"},{\"mode\":\"NULLABLE\",\"name\":\"three_pt_pct\",\"type\":\"FLOAT\"},{\"mode\":\"NULLABLE\",\"name\":\"ft_pct\",\"type\":\"FLOAT\"},{\"mode\":\"NULLABLE\",\"name\":\"reb\",\"type\":\"INTEGER\"},{\"mode\":\"NULLABLE\",\"name\":\"ast\",\"type\":\"INTEGER\"},{\"mode\":\"NULLABLE\",\"name\":\"tov\",\"type\":\"INTEGER\"},{\"mode\":\"NULLABLE\",\"name\":\"plus_minus\",\"type\":\"FLOAT\"}]",
            "self_link": "https://bigquery.googleapis.com/bigquery/v2/projects/feisty-lamp-442712-m8/datasets/nba_dataset/tables/nba_games",
            "table_constraints": [],
            "table_id": "nba_games",
            "table_replication_info": [],
            "terraform_labels": {
              "goog-terraform-provisioned": "true"
            },
            "time_partitioning": [],
            "type": "TABLE",
            "view": []
          },
          "sensitive_attributes": [],
          "private": "bnVsbA==",
          "dependencies": [
            "module.bigquery.google_bigquery_dataset.nba"
          ]
        }
      ]
    },
    {
      "module": "module.bigquery",
      "mode": "managed",
      "type": "google_bigquery_table",
      "name": "nba_games_week",
      "provider": "provider[\"registry.terraform.io/hashicorp/google\"]",
      "instances": [
        {
          "schema_version": 0,
          "attributes": {
            "biglake_configuration": [],
            "clustering": null,
            "creation_time": 1746878049986,
            "dataset_id": "nba_dataset",
            "deletion_protection": false,
            "description": "",
            "effective_labels": {
              "goog-terraform-provisioned": "true"
            },
            "encryption_configuration": [],
            "etag": "cM6k4unozkD4xXtvvvFaSA==",
            "expiration_time": 0,
            "external_data_configuration": [],
            "friendly_name": "",
            "id": "projects/feisty-lamp-442712-m8/datasets/nba_dataset/tables/nba_games_week",
            "labels": {},
            "last_modified_time": 1746878050041,
            "location": "europe-west1",
            "materialized_view": [],
            "max_staleness": "",
            "num_bytes": 0,
            "num_long_term_bytes": 0,
            "num_rows": 0,
            "project": "feisty-lamp-442712-m8",
            "range_partitioning": [],
            "require_partition_filter": false,
            "resource_tags": {},
            "schema": "[{\"mode\":\"REQUIRED\",\"name\":\"GAME_DATE_EST\",\"type\":\"TIMESTAMP\"},{\"mode\":\"REQUIRED\",\"name\":\"GAME_SEQUENCE\",\"type\":\"INTEGER\"},{\"mode\":\"REQUIRED\",\"name\":\"GAME_ID\",\"type\":\"STRING\"},{\"mode\":\"REQUIRED\",\"name\":\"GAME_STATUS_ID\",\"type\":\"INTEGER\"},{\"mode\":\"REQUIRED\",\"name\":\"GAME_STATUS_TEXT\",\"type\":\"STRING\"},{\"mode\":\"REQUIRED\",\"name\":\"GAMECODE\",\"type\":\"STRING\"},{\"mode\":\"REQUIRED\",\"name\":\"HOME_TEAM_ID\",\"type\":\"INTEGER\"},{\"mode\":\"REQUIRED\",\"name\":\"VISITOR_TEAM_ID\",\"type\":\"INTEGER\"},{\"mode\":\"REQUIRED\",\"name\":\"SEASON\",\"type\":\"STRING\"},{\"mode\":\"NULLABLE\",\"name\":\"LIVE_PERIOD\",\"type\":\"INTEGER\"},{\"mode\":\"NULLABLE\",\"name\":\"LIVE_PC_TIME\",\"type\":\"STRING\"},{\"mode\":\"NULLABLE\",\"name\":\"NATL_TV_BROADCASTER_ABBREVIATION\",\"type\":\"STRING\"},{\"mode\":\"NULLABLE\",\"name\":\"HOME_TV_BROADCASTER_ABBREVIATION\",\"type\":\"STRING\"},{\"mode\":\"NULLABLE\",\"name\":\"AWAY_TV_BROADCASTER_ABBREVIATION\",\"type\":\"STRING\"},{\"mode\":\"NULLABLE\",\"name\":\"LIVE_PERIOD_TIME_BCAST\",\"type\":\"STRING\"},{\"mode\":\"NULLABLE\",\"name\":\"ARENA_NAME\",\"type\":\"STRING\"},{\"mode\":\"NULLABLE\",\"name\":\"WH_STATUS\",\"type\":\"INTEGER\"},{\"mode\":\"NULLABLE\",\"name\":\"WNBA_COMMISSIONER_FLAG\",\"type\":\"INTEGER\"},{\"mode\":\"REQUIRED\",\"name\":\"GAME_DATE\",\"type\":\"DATE\"}]",
            "self_link": "https://bigquery.googleapis.com/bigquery/v2/projects/feisty-lamp-442712-m8/datasets/nba_dataset/tables/nba_games_week",
            "table_constraints": [],
            "table_id": "nba_games_week",
            "table_replication_info": [],
            "terraform_labels": {
              "goog-terraform-provisioned": "true"
            },
            "time_partitioning": [],
            "type": "TABLE",
            "view": []
          },
          "sensitive_attributes": [],
          "private": "bnVsbA==",
          "dependencies": [
            "module.bigquery.google_bigquery_dataset.nba"
          ]
        }
      ]
    },
    {
      "module": "module.bigquery",
      "mode": "managed",
      "type": "google_bigquery_table",
      "name": "nba_odds",
      "provider": "provider[\"registry.terraform.io/hashicorp/google\"]",
      "instances": [
        {
          "schema_version": 0,
          "attributes": {
            "biglake_configuration": [],
            "clustering": null,
            "creation_time": 1746878049960,
            "dataset_id": "nba_dataset",
            "deletion_protection": false,
            "description": "",
            "effective_labels": {
              "goog-terraform-provisioned": "true"
            },
            "encryption_configuration": [],
            "etag": "meDgJlofVLQx3uW9LufhBQ==",
            "expiration_time": 0,
            "external_data_configuration": [],
            "friendly_name": "",
            "id": "projects/feisty-lamp-442712-m8/datasets/nba_dataset/tables/nba_odds",
            "labels": {},
            "last_modified_time": 1746878050034,
            "location": "europe-west1",
            "materialized_view": [],
            "max_staleness": "",
            "num_bytes": 0,
            "num_long_term_bytes": 0,
            "num_rows": 0,
            "project": "feisty-lamp-442712-m8",
            "range_partitioning": [],
            "require_partition_filter": false,
            "resource_tags": {},
            "schema": "[{\"mode\":\"REQUIRED\",\"name\":\"game_id\",\"type\":\"STRING\"},{\"mode\":\"REQUIRED\",\"name\":\"home_team_id\",\"type\":\"INTEGER\"},{\"mode\":\"REQUIRED\",\"name\":\"away_team_id\",\"type\":\"INTEGER\"},{\"mode\":\"REQUIRED\",\"name\":\"market_name\",\"type\":\"STRING\"},{\"mode\":\"REQUIRED\",\"name\":\"odds_type_id\",\"type\":\"INTEGER\"},{\"mode\":\"REQUIRED\",\"name\":\"group_name\",\"type\":\"STRING\"},{\"mode\":\"REQUIRED\",\"name\":\"book_name\",\"type\":\"STRING\"},{\"mode\":\"REQUIRED\",\"name\":\"country_code\",\"type\":\"STRING\"},{\"mode\":\"REQUIRED\",\"name\":\"book_url\",\"type\":\"STRING\"},{\"mode\":\"REQUIRED\",\"name\":\"odds_type\",\"type\":\"STRING\"},{\"mode\":\"NULLABLE\",\"name\":\"odds\",\"type\":\"FLOAT\"},{\"mode\":\"NULLABLE\",\"name\":\"opening_odds\",\"type\":\"FLOAT\"},{\"mode\":\"NULLABLE\",\"name\":\"odds_trend\",\"type\":\"FLOAT\"}]",
            "self_link": "https://bigquery.googleapis.com/bigquery/v2/projects/feisty-lamp-442712-m8/datasets/nba_dataset/tables/nba_odds",
            "table_constraints": [],
            "table_id": "nba_odds",
            "table_replication_info": [],
            "terraform_labels": {
              "goog-terraform-provisioned": "true"
            },
            "time_partitioning": [],
            "type": "TABLE",
            "view": []
          },
          "sensitive_attributes": [],
          "private": "bnVsbA==",
          "dependencies": [
            "module.bigquery.google_bigquery_dataset.nba"
          ]
        }
      ]
    },
    {
      "module": "module.bigquery",
      "mode": "managed",
      "type": "google_bigquery_table",
      "name": "nba_teams",
      "provider": "provider[\"registry.terraform.io/hashicorp/google\"]",
      "instances": [
        {
          "schema_version": 0,
          "attributes": {
            "biglake_configuration": [],
            "clustering": null,
            "creation_time": 1746878049962,
            "dataset_id": "nba_dataset",
            "deletion_protection": false,
            "description": "",
            "effective_labels": {
              "goog-terraform-provisioned": "true"
            },
            "encryption_configuration": [],
            "etag": "Fm5tR2J2AWz1kkrD0kFCxg==",
            "expiration_time": 0,
            "external_data_configuration": [],
            "friendly_name": "",
            "id": "projects/feisty-lamp-442712-m8/datasets/nba_dataset/tables/nba_teams",
            "labels": {},
            "last_modified_time": 1746878050033,
            "location": "europe-west1",
            "materialized_view": [],
            "max_staleness": "",
            "num_bytes": 0,
            "num_long_term_bytes": 0,
            "num_rows": 0,
            "project": "feisty-lamp-442712-m8",
            "range_partitioning": [],
            "require_partition_filter": false,
            "resource_tags": {},
            "schema": "[{\"mode\":\"REQUIRED\",\"name\":\"team_id\",\"type\":\"INTEGER\"},{\"mode\":\"REQUIRED\",\"name\":\"team_name\",\"type\":\"STRING\"},{\"mode\":\"REQUIRED\",\"name\":\"nickname\",\"type\":\"STRING\"},{\"mode\":\"REQUIRED\",\"name\":\"city\",\"type\":\"STRING\"},{\"mode\":\"REQUIRED\",\"name\":\"state\",\"type\":\"STRING\"},{\"mode\":\"REQUIRED\",\"name\":\"year_founded\",\"type\":\"INTEGER\"}]",
            "self_link": "https://bigquery.googleapis.com/bigquery/v2/projects/feisty-lamp-442712-m8/datasets/nba_dataset/tables/nba_teams",
            "table_constraints": [],
            "table_id": "nba_teams",
            "table_replication_info": [],
            "terraform_labels": {
              "goog-terraform-provisioned": "true"
            },
            "time_partitioning": [],
            "type": "TABLE",
            "view": []
          },
          "sensitive_attributes": [],
          "private": "bnVsbA==",
          "dependencies": [
            "module.bigquery.google_bigquery_dataset.nba"
          ]
        }
      ]
    }
  ],
  "check_results": null
}
